
Microsoft Visual Studio Solution File, Format Version 12.00
# Visual Studio 2013
VisualStudioVersion = 12.0.31101.0
MinimumVisualStudioVersion = 10.0.40219.1
Project("{FAE04EC0-301F-11D3-BF4B-00C04F79EFBC}") = "excellence", "excellence\excellence.csproj", "{301EEF81-CE2C-4CCA-9ABB-93B714723190}"
EndProject
Project("{2150E333-8FDC-42A3-9474-1A3956D46DE8}") = "PublishScripts", "PublishScripts", "{BAD78C1A-91B6-4449-B4AC-DC422ECD6454}"
	ProjectSection(SolutionItems) = preProject
		PublishScripts\AzureWebsitePublishModule.psm1 = PublishScripts\AzureWebsitePublishModule.psm1
		PublishScripts\Publish-WebApplicationWebsite.ps1 = PublishScripts\Publish-WebApplicationWebsite.ps1
	EndProjectSection
EndProject
Project("{2150E333-8FDC-42A3-9474-1A3956D46DE8}") = "Configurations", "Configurations", "{7A7F4FEB-983D-4368-AF5D-AB6E3DF5E885}"
	ProjectSection(SolutionItems) = preProject
		PublishScripts\Configurations\excellence-WAWS-dev.json = PublishScripts\Configurations\excellence-WAWS-dev.json
	EndProjectSection
EndProject
Global
	GlobalSection(SolutionConfigurationPlatforms) = preSolution
		Debug|Any CPU = Debug|Any CPU
		Release|Any CPU = Release|Any CPU
	EndGlobalSection
	GlobalSection(ProjectConfigurationPlatforms) = postSolution
		{301EEF81-CE2C-4CCA-9ABB-93B714723190}.Debug|Any CPU.ActiveCfg = Debug|Any CPU
		{301EEF81-CE2C-4CCA-9ABB-93B714723190}.Debug|Any CPU.Build.0 = Debug|Any CPU
		{301EEF81-CE2C-4CCA-9ABB-93B714723190}.Release|Any CPU.ActiveCfg = Release|Any CPU
		{301EEF81-CE2C-4CCA-9ABB-93B714723190}.Release|Any CPU.Build.0 = Release|Any CPU
	EndGlobalSection
	GlobalSection(SolutionProperties) = preSolution
		HideSolutionNode = FALSE
	EndGlobalSection
	GlobalSection(NestedProjects) = preSolution
		{7A7F4FEB-983D-4368-AF5D-AB6E3DF5E885} = {BAD78C1A-91B6-4449-B4AC-DC422ECD6454}
	EndGlobalSection
EndGlobal
